# THIS IS AN AUTOGENERATED FILE. DO NOT EDIT THIS FILE DIRECTLY.
# yarn lockfile v1


"@vant/weapp@^1.5.0":
  version "1.5.0"
  resolved "https://registry.npm.taobao.org/@vant/weapp/download/@vant/weapp-1.5.0.tgz#18b0b77ee8133eb53ffd6c1ed9cf70c51d24e736"
  integrity sha1-GLC3fugTPrU//Wwe2c9wxR0k5zY=

miniprogram-api-typings@^3.0.2:
  version "3.0.2"
  resolved "https://registry.npm.taobao.org/miniprogram-api-typings/download/miniprogram-api-typings-3.0.2.tgz?cache=0&sync_timestamp=1597822887160&other_urls=https%3A%2F%2Fregistry.npm.taobao.org%2Fminiprogram-api-typings%2Fdownload%2Fminiprogram-api-typings-3.0.2.tgz#c72849428744cf88462569c57291b332baf4c319"
  integrity sha1-xyhJQodEz4hGJWnFcpGzMrr0wxk=

typescript@^4.0.2:
  version "4.0.2"
  resolved "https://registry.npm.taobao.org/typescript/download/typescript-4.0.2.tgz?cache=0&sync_timestamp=1598685652285&other_urls=https%3A%2F%2Fregistry.npm.taobao.org%2Ftypescript%2Fdownload%2Ftypescript-4.0.2.tgz#7ea7c88777c723c681e33bf7988be5d008d05ac2"
  integrity sha1-fqfIh3fHI8aB4zv3mIvl0AjQWsI=
